
Microsoft Visual Studio Solution File, Format Version 12.00
# Visual Studio 15
VisualStudioVersion = 15.0.27130.2036
MinimumVisualStudioVersion = 10.0.40219.1
Project("{FAE04EC0-301F-11D3-BF4B-00C04F79EFBC}") = "InventoryManagement", "InventoryManagement\InventoryManagement.csproj", "{8B66EB7A-C2AF-453E-A32F-17FE1236C746}"
EndProject
Global
	GlobalSection(SolutionConfigurationPlatforms) = preSolution
		Debug|Any CPU = Debug|Any CPU
		Release|Any CPU = Release|Any CPU
	EndGlobalSection
	GlobalSection(ProjectConfigurationPlatforms) = postSolution
		{8B66EB7A-C2AF-453E-A32F-17FE1236C746}.Debug|Any CPU.ActiveCfg = Debug|Any CPU
		{8B66EB7A-C2AF-453E-A32F-17FE1236C746}.Debug|Any CPU.Build.0 = Debug|Any CPU
		{8B66EB7A-C2AF-453E-A32F-17FE1236C746}.Release|Any CPU.ActiveCfg = Release|Any CPU
		{8B66EB7A-C2AF-453E-A32F-17FE1236C746}.Release|Any CPU.Build.0 = Release|Any CPU
	EndGlobalSection
	GlobalSection(SolutionProperties) = preSolution
		HideSolutionNode = FALSE
	EndGlobalSection
	GlobalSection(ExtensibilityGlobals) = postSolution
		SolutionGuid = {D7A85F79-F9CA-4BA9-963D-D037983C5402}
	EndGlobalSection
EndGlobal
